
Microsoft Visual Studio Solution File, Format Version 12.00
# Visual Studio Version 17
VisualStudioVersion = 17.3.32819.101
MinimumVisualStudioVersion = 10.0.40219.1
Project("{FAE04EC0-301F-11D3-BF4B-00C04F79EFBC}") = "Perform-OCR-WF", "Perform-OCR-WF\Perform-OCR-WF.csproj", "{20257249-7A8A-49C4-97D4-1701F03AFFCC}"
EndProject
Global
	GlobalSection(SolutionConfigurationPlatforms) = preSolution
		Debug|Any CPU = Debug|Any CPU
		Release|Any CPU = Release|Any CPU
	EndGlobalSection
	GlobalSection(ProjectConfigurationPlatforms) = postSolution
		{20257249-7A8A-49C4-97D4-1701F03AFFCC}.Debug|Any CPU.ActiveCfg = Debug|Any CPU
		{20257249-7A8A-49C4-97D4-1701F03AFFCC}.Debug|Any CPU.Build.0 = Debug|Any CPU
		{20257249-7A8A-49C4-97D4-1701F03AFFCC}.Release|Any CPU.ActiveCfg = Release|Any CPU
		{20257249-7A8A-49C4-97D4-1701F03AFFCC}.Release|Any CPU.Build.0 = Release|Any CPU
	EndGlobalSection
	GlobalSection(SolutionProperties) = preSolution
		HideSolutionNode = FALSE
	EndGlobalSection
	GlobalSection(ExtensibilityGlobals) = postSolution
		SolutionGuid = {15D6CDE4-A6F8-4001-A29A-F4C9DA44A56D}
	EndGlobalSection
EndGlobal
